
Microsoft Visual Studio Solution File, Format Version 12.00
# Visual Studio Version 17
VisualStudioVersion = 17.3.32819.101
MinimumVisualStudioVersion = 10.0.40219.1
Project("{9A19103F-16F7-4668-BE54-9A1E7A4F7556}") = "CodeBehind.PadraoProjeto.Api.Mediator", "CodeBehind.PadraoProjeto.Api.Mediator\CodeBehind.PadraoProjeto.Api.Mediator.csproj", "{CD4983AE-72DE-4EC1-A913-517C1627A532}"
EndProject
Project("{9A19103F-16F7-4668-BE54-9A1E7A4F7556}") = "CodeBehind.PadraoProjeto.Application", "CodeBehind.PadraoProjeto.Application\CodeBehind.PadraoProjeto.Application.csproj", "{131DAD97-3D6B-4660-A124-BD6DEAC1CFE1}"
EndProject
Project("{9A19103F-16F7-4668-BE54-9A1E7A4F7556}") = "CodeBehind.PadraoProjeto.Dto", "CodeBehind.PadraoProjeto.Dto\CodeBehind.PadraoProjeto.Dto.csproj", "{56B7A1F4-5206-4ADB-BAC1-4A794E2FEC53}"
EndProject
Project("{9A19103F-16F7-4668-BE54-9A1E7A4F7556}") = "CodeBehind.PadraoProjeto.Repository", "CodeBehind.PadraoProjeto.Repository\CodeBehind.PadraoProjeto.Repository.csproj", "{FAFD301D-072F-4DD6-997E-7E5F858696DD}"
EndProject
Project("{2150E333-8FDC-42A3-9474-1A3956D46DE8}") = "Mediator", "Mediator", "{8D1156CE-6D2F-470E-BA5F-A40929077426}"
EndProject
Project("{2150E333-8FDC-42A3-9474-1A3956D46DE8}") = "BFF", "BFF", "{215A137D-64B0-491F-BCC6-11C5A830BB87}"
EndProject
Project("{9A19103F-16F7-4668-BE54-9A1E7A4F7556}") = "CodeBehind.PadraoProjeto.BFF", "CodeBehind.PadraoProjeto.BFF\CodeBehind.PadraoProjeto.BFF.csproj", "{A0859B45-D53E-4604-A09D-D6B0CA98E72E}"
EndProject
Project("{9A19103F-16F7-4668-BE54-9A1E7A4F7556}") = "CodeBehind.PadraoProjeto.BFF.MSCliente", "CodeBehind.PadraoProjeto.BFF.MSCliente\CodeBehind.PadraoProjeto.BFF.MSCliente.csproj", "{187CA2A0-8149-4F98-B52E-2B86207F8A63}"
EndProject
Project("{9A19103F-16F7-4668-BE54-9A1E7A4F7556}") = "CodeBehind.PadraoProjeto.BFF.MSPedido", "CodeBehind.PadraoProjeto.BFF.MSPedido\CodeBehind.PadraoProjeto.BFF.MSPedido.csproj", "{E5C68CED-6E25-43D3-B331-43E141E0A533}"
EndProject
Project("{2150E333-8FDC-42A3-9474-1A3956D46DE8}") = "UOW", "UOW", "{B3AFEE24-492D-4CC2-A038-8C6F589474BA}"
EndProject
Project("{9A19103F-16F7-4668-BE54-9A1E7A4F7556}") = "CodeBehind.PadraoProjeto.UnidadeTrabalho", "CodeBehind.PadraoProjeto.UnidadeTrabalho\CodeBehind.PadraoProjeto.UnidadeTrabalho.csproj", "{C55100DD-A80E-4BCB-87F1-F5D7CDB16D69}"
EndProject
Project("{9A19103F-16F7-4668-BE54-9A1E7A4F7556}") = "CodeBehind.PadraoProjeto.UnidadeTrabalho.Repositorio", "CodeBehind.PadraoProjeto.UnidadeTrabalho.Repositorio\CodeBehind.PadraoProjeto.UnidadeTrabalho.Repositorio.csproj", "{4007232B-5A7A-409E-9F6F-E80AB1EC988F}"
EndProject
Project("{9A19103F-16F7-4668-BE54-9A1E7A4F7556}") = "CodeBehind.PadraoProjeto.GRPC.Server", "CodeBehind.PadraoProjeto.GRPC\CodeBehind.PadraoProjeto.GRPC.Server.csproj", "{ABCA01AA-1259-4C10-A4F1-FAFB8BFDDD20}"
EndProject
Project("{9A19103F-16F7-4668-BE54-9A1E7A4F7556}") = "CodeBehind.PadraoProjeto.GRPC.Cliente", "CodeBehind.PadraoProjeto.GRPC.Cliente\CodeBehind.PadraoProjeto.GRPC.Cliente.csproj", "{CAEC8831-D178-4BA5-AB4A-93B385CA4551}"
EndProject
Project("{2150E333-8FDC-42A3-9474-1A3956D46DE8}") = "GRPC", "GRPC", "{B3644BA8-5654-4F76-882D-2D235050E783}"
EndProject
Project("{2150E333-8FDC-42A3-9474-1A3956D46DE8}") = "MaquinaEstado", "MaquinaEstado", "{EFE74518-B9BF-43EE-BEB0-55CBFBF3BF1B}"
EndProject
Project("{FAE04EC0-301F-11D3-BF4B-00C04F79EFBC}") = "CodeBehind.PadraoProjeto.Maquina", "CodeBehind.PadraoProjeto.Maquina\CodeBehind.PadraoProjeto.Maquina.csproj", "{0EE1DD51-2B6A-46F5-8AE5-FF8FAB35DDE0}"
EndProject
Project("{FAE04EC0-301F-11D3-BF4B-00C04F79EFBC}") = "CodeBehind.PadraoProjeto.MaquinaSaga", "CodeBehind.PadraoProjeto.MaquinaSaga\CodeBehind.PadraoProjeto.MaquinaSaga.csproj", "{EFFCDF01-0593-499D-9FE2-ED5D3809EDF4}"
EndProject
Global
	GlobalSection(SolutionConfigurationPlatforms) = preSolution
		Debug|Any CPU = Debug|Any CPU
		Release|Any CPU = Release|Any CPU
	EndGlobalSection
	GlobalSection(ProjectConfigurationPlatforms) = postSolution
		{CD4983AE-72DE-4EC1-A913-517C1627A532}.Debug|Any CPU.ActiveCfg = Debug|Any CPU
		{CD4983AE-72DE-4EC1-A913-517C1627A532}.Debug|Any CPU.Build.0 = Debug|Any CPU
		{CD4983AE-72DE-4EC1-A913-517C1627A532}.Release|Any CPU.ActiveCfg = Release|Any CPU
		{CD4983AE-72DE-4EC1-A913-517C1627A532}.Release|Any CPU.Build.0 = Release|Any CPU
		{131DAD97-3D6B-4660-A124-BD6DEAC1CFE1}.Debug|Any CPU.ActiveCfg = Debug|Any CPU
		{131DAD97-3D6B-4660-A124-BD6DEAC1CFE1}.Debug|Any CPU.Build.0 = Debug|Any CPU
		{131DAD97-3D6B-4660-A124-BD6DEAC1CFE1}.Release|Any CPU.ActiveCfg = Release|Any CPU
		{131DAD97-3D6B-4660-A124-BD6DEAC1CFE1}.Release|Any CPU.Build.0 = Release|Any CPU
		{56B7A1F4-5206-4ADB-BAC1-4A794E2FEC53}.Debug|Any CPU.ActiveCfg = Debug|Any CPU
		{56B7A1F4-5206-4ADB-BAC1-4A794E2FEC53}.Debug|Any CPU.Build.0 = Debug|Any CPU
		{56B7A1F4-5206-4ADB-BAC1-4A794E2FEC53}.Release|Any CPU.ActiveCfg = Release|Any CPU
		{56B7A1F4-5206-4ADB-BAC1-4A794E2FEC53}.Release|Any CPU.Build.0 = Release|Any CPU
		{FAFD301D-072F-4DD6-997E-7E5F858696DD}.Debug|Any CPU.ActiveCfg = Debug|Any CPU
		{FAFD301D-072F-4DD6-997E-7E5F858696DD}.Debug|Any CPU.Build.0 = Debug|Any CPU
		{FAFD301D-072F-4DD6-997E-7E5F858696DD}.Release|Any CPU.ActiveCfg = Release|Any CPU
		{FAFD301D-072F-4DD6-997E-7E5F858696DD}.Release|Any CPU.Build.0 = Release|Any CPU
		{A0859B45-D53E-4604-A09D-D6B0CA98E72E}.Debug|Any CPU.ActiveCfg = Debug|Any CPU
		{A0859B45-D53E-4604-A09D-D6B0CA98E72E}.Debug|Any CPU.Build.0 = Debug|Any CPU
		{A0859B45-D53E-4604-A09D-D6B0CA98E72E}.Release|Any CPU.ActiveCfg = Release|Any CPU
		{A0859B45-D53E-4604-A09D-D6B0CA98E72E}.Release|Any CPU.Build.0 = Release|Any CPU
		{187CA2A0-8149-4F98-B52E-2B86207F8A63}.Debug|Any CPU.ActiveCfg = Debug|Any CPU
		{187CA2A0-8149-4F98-B52E-2B86207F8A63}.Debug|Any CPU.Build.0 = Debug|Any CPU
		{187CA2A0-8149-4F98-B52E-2B86207F8A63}.Release|Any CPU.ActiveCfg = Release|Any CPU
		{187CA2A0-8149-4F98-B52E-2B86207F8A63}.Release|Any CPU.Build.0 = Release|Any CPU
		{E5C68CED-6E25-43D3-B331-43E141E0A533}.Debug|Any CPU.ActiveCfg = Debug|Any CPU
		{E5C68CED-6E25-43D3-B331-43E141E0A533}.Debug|Any CPU.Build.0 = Debug|Any CPU
		{E5C68CED-6E25-43D3-B331-43E141E0A533}.Release|Any CPU.ActiveCfg = Release|Any CPU
		{E5C68CED-6E25-43D3-B331-43E141E0A533}.Release|Any CPU.Build.0 = Release|Any CPU
		{C55100DD-A80E-4BCB-87F1-F5D7CDB16D69}.Debug|Any CPU.ActiveCfg = Debug|Any CPU
		{C55100DD-A80E-4BCB-87F1-F5D7CDB16D69}.Debug|Any CPU.Build.0 = Debug|Any CPU
		{C55100DD-A80E-4BCB-87F1-F5D7CDB16D69}.Release|Any CPU.ActiveCfg = Release|Any CPU
		{C55100DD-A80E-4BCB-87F1-F5D7CDB16D69}.Release|Any CPU.Build.0 = Release|Any CPU
		{4007232B-5A7A-409E-9F6F-E80AB1EC988F}.Debug|Any CPU.ActiveCfg = Debug|Any CPU
		{4007232B-5A7A-409E-9F6F-E80AB1EC988F}.Debug|Any CPU.Build.0 = Debug|Any CPU
		{4007232B-5A7A-409E-9F6F-E80AB1EC988F}.Release|Any CPU.ActiveCfg = Release|Any CPU
		{4007232B-5A7A-409E-9F6F-E80AB1EC988F}.Release|Any CPU.Build.0 = Release|Any CPU
		{ABCA01AA-1259-4C10-A4F1-FAFB8BFDDD20}.Debug|Any CPU.ActiveCfg = Debug|Any CPU
		{ABCA01AA-1259-4C10-A4F1-FAFB8BFDDD20}.Debug|Any CPU.Build.0 = Debug|Any CPU
		{ABCA01AA-1259-4C10-A4F1-FAFB8BFDDD20}.Release|Any CPU.ActiveCfg = Release|Any CPU
		{ABCA01AA-1259-4C10-A4F1-FAFB8BFDDD20}.Release|Any CPU.Build.0 = Release|Any CPU
		{CAEC8831-D178-4BA5-AB4A-93B385CA4551}.Debug|Any CPU.ActiveCfg = Debug|Any CPU
		{CAEC8831-D178-4BA5-AB4A-93B385CA4551}.Debug|Any CPU.Build.0 = Debug|Any CPU
		{CAEC8831-D178-4BA5-AB4A-93B385CA4551}.Release|Any CPU.ActiveCfg = Release|Any CPU
		{CAEC8831-D178-4BA5-AB4A-93B385CA4551}.Release|Any CPU.Build.0 = Release|Any CPU
		{0EE1DD51-2B6A-46F5-8AE5-FF8FAB35DDE0}.Debug|Any CPU.ActiveCfg = Debug|Any CPU
		{0EE1DD51-2B6A-46F5-8AE5-FF8FAB35DDE0}.Debug|Any CPU.Build.0 = Debug|Any CPU
		{0EE1DD51-2B6A-46F5-8AE5-FF8FAB35DDE0}.Release|Any CPU.ActiveCfg = Release|Any CPU
		{0EE1DD51-2B6A-46F5-8AE5-FF8FAB35DDE0}.Release|Any CPU.Build.0 = Release|Any CPU
		{EFFCDF01-0593-499D-9FE2-ED5D3809EDF4}.Debug|Any CPU.ActiveCfg = Debug|Any CPU
		{EFFCDF01-0593-499D-9FE2-ED5D3809EDF4}.Debug|Any CPU.Build.0 = Debug|Any CPU
		{EFFCDF01-0593-499D-9FE2-ED5D3809EDF4}.Release|Any CPU.ActiveCfg = Release|Any CPU
		{EFFCDF01-0593-499D-9FE2-ED5D3809EDF4}.Release|Any CPU.Build.0 = Release|Any CPU
	EndGlobalSection
	GlobalSection(SolutionProperties) = preSolution
		HideSolutionNode = FALSE
	EndGlobalSection
	GlobalSection(NestedProjects) = preSolution
		{CD4983AE-72DE-4EC1-A913-517C1627A532} = {8D1156CE-6D2F-470E-BA5F-A40929077426}
		{131DAD97-3D6B-4660-A124-BD6DEAC1CFE1} = {8D1156CE-6D2F-470E-BA5F-A40929077426}
		{56B7A1F4-5206-4ADB-BAC1-4A794E2FEC53} = {8D1156CE-6D2F-470E-BA5F-A40929077426}
		{FAFD301D-072F-4DD6-997E-7E5F858696DD} = {8D1156CE-6D2F-470E-BA5F-A40929077426}
		{A0859B45-D53E-4604-A09D-D6B0CA98E72E} = {215A137D-64B0-491F-BCC6-11C5A830BB87}
		{187CA2A0-8149-4F98-B52E-2B86207F8A63} = {215A137D-64B0-491F-BCC6-11C5A830BB87}
		{E5C68CED-6E25-43D3-B331-43E141E0A533} = {215A137D-64B0-491F-BCC6-11C5A830BB87}
		{C55100DD-A80E-4BCB-87F1-F5D7CDB16D69} = {B3AFEE24-492D-4CC2-A038-8C6F589474BA}
		{4007232B-5A7A-409E-9F6F-E80AB1EC988F} = {B3AFEE24-492D-4CC2-A038-8C6F589474BA}
		{ABCA01AA-1259-4C10-A4F1-FAFB8BFDDD20} = {B3644BA8-5654-4F76-882D-2D235050E783}
		{CAEC8831-D178-4BA5-AB4A-93B385CA4551} = {B3644BA8-5654-4F76-882D-2D235050E783}
		{0EE1DD51-2B6A-46F5-8AE5-FF8FAB35DDE0} = {EFE74518-B9BF-43EE-BEB0-55CBFBF3BF1B}
		{EFFCDF01-0593-499D-9FE2-ED5D3809EDF4} = {EFE74518-B9BF-43EE-BEB0-55CBFBF3BF1B}
	EndGlobalSection
	GlobalSection(ExtensibilityGlobals) = postSolution
		SolutionGuid = {031046F5-8C50-4F12-8DDB-45B762992F43}
	EndGlobalSection
EndGlobal
